// !$*UTF8*$!
{
	archiveVersion = 1;
	classes = {
	};
	objectVersion = 48;
	objects = {

/* Begin PBXBuildFile section */
		3F148D3E20DA227000E501BB /* PhotoModel.m in Sources */ = {isa = PBXBuildFile; fileRef = 3F148D3D20DA227000E501BB /* PhotoModel.m */; };
		3F78FC5020E76FF6005E19E6 /* TableViewMultiSelectViewController.m in Sources */ = {isa = PBXBuildFile; fileRef = 3F78FC4F20E76FF6005E19E6 /* TableViewMultiSelectViewController.m */; };
		3F78FC5720E778F2005E19E6 /* TableViewCell.m in Sources */ = {isa = PBXBuildFile; fileRef = 3F78FC5520E778F2005E19E6 /* TableViewCell.m */; };
		3F78FC5820E778F2005E19E6 /* TableViewCell.xib in Resources */ = {isa = PBXBuildFile; fileRef = 3F78FC5620E778F2005E19E6 /* TableViewCell.xib */; };
		3FB8B7A620DA07150055EE61 /* AppDelegate.m in Sources */ = {isa = PBXBuildFile; fileRef = 3FB8B7A520DA07150055EE61 /* AppDelegate.m */; };
		3FB8B7A920DA07150055EE61 /* ViewController.m in Sources */ = {isa = PBXBuildFile; fileRef = 3FB8B7A820DA07150055EE61 /* ViewController.m */; };
		3FB8B7AC20DA07150055EE61 /* Main.storyboard in Resources */ = {isa = PBXBuildFile; fileRef = 3FB8B7AA20DA07150055EE61 /* Main.storyboard */; };
		3FB8B7AE20DA07150055EE61 /* Assets.xcassets in Resources */ = {isa = PBXBuildFile; fileRef = 3FB8B7AD20DA07150055EE61 /* Assets.xcassets */; };
		3FB8B7B120DA07150055EE61 /* LaunchScreen.storyboard in Resources */ = {isa = PBXBuildFile; fileRef = 3FB8B7AF20DA07150055EE61 /* LaunchScreen.storyboard */; };
		3FB8B7B420DA07150055EE61 /* main.m in Sources */ = {isa = PBXBuildFile; fileRef = 3FB8B7B320DA07150055EE61 /* main.m */; };
		3FB8B7BC20DA16A40055EE61 /* CollectionViewMultiSelectViewController.m in Sources */ = {isa = PBXBuildFile; fileRef = 3FB8B7BB20DA16A40055EE61 /* CollectionViewMultiSelectViewController.m */; };
		3FB8B7C320DA1E270055EE61 /* textJson.json in Resources */ = {isa = PBXBuildFile; fileRef = 3FB8B7C220DA1E260055EE61 /* textJson.json */; };
		3FB8B7C720DA1F5F0055EE61 /* CollectionViewCell.m in Sources */ = {isa = PBXBuildFile; fileRef = 3FB8B7C520DA1F5F0055EE61 /* CollectionViewCell.m */; };
		3FB8B7C820DA1F5F0055EE61 /* CollectionViewCell.xib in Resources */ = {isa = PBXBuildFile; fileRef = 3FB8B7C620DA1F5F0055EE61 /* CollectionViewCell.xib */; };
		EDE2A486004047B9B755B60F /* libPods-CollectionViewMultiSelect.a in Frameworks */ = {isa = PBXBuildFile; fileRef = D22846CC9B913F46BC59B6A7 /* libPods-CollectionViewMultiSelect.a */; };
/* End PBXBuildFile section */

/* Begin PBXFileReference section */
		124D150A143694F007541A41 /* Pods-CollectionViewMultiSelect.release.xcconfig */ = {isa = PBXFileReference; includeInIndex = 1; lastKnownFileType = text.xcconfig; name = "Pods-CollectionViewMultiSelect.release.xcconfig"; path = "Pods/Target Support Files/Pods-CollectionViewMultiSelect/Pods-CollectionViewMultiSelect.release.xcconfig"; sourceTree = "<group>"; };
		3F148D3C20DA227000E501BB /* PhotoModel.h */ = {isa = PBXFileReference; lastKnownFileType = sourcecode.c.h; path = PhotoModel.h; sourceTree = "<group>"; };
		3F148D3D20DA227000E501BB /* PhotoModel.m */ = {isa = PBXFileReference; lastKnownFileType = sourcecode.c.objc; path = PhotoModel.m; sourceTree = "<group>"; };
		3F78FC4E20E76FF6005E19E6 /* TableViewMultiSelectViewController.h */ = {isa = PBXFileReference; lastKnownFileType = sourcecode.c.h; path = TableViewMultiSelectViewController.h; sourceTree = "<group>"; };
		3F78FC4F20E76FF6005E19E6 /* TableViewMultiSelectViewController.m */ = {isa = PBXFileReference; lastKnownFileType = sourcecode.c.objc; path = TableViewMultiSelectViewController.m; sourceTree = "<group>"; };
		3F78FC5420E778F2005E19E6 /* TableViewCell.h */ = {isa = PBXFileReference; lastKnownFileType = sourcecode.c.h; path = TableViewCell.h; sourceTree = "<group>"; };
		3F78FC5520E778F2005E19E6 /* TableViewCell.m */ = {isa = PBXFileReference; lastKnownFileType = sourcecode.c.objc; path = TableViewCell.m; sourceTree = "<group>"; };
		3F78FC5620E778F2005E19E6 /* TableViewCell.xib */ = {isa = PBXFileReference; lastKnownFileType = file.xib; path = TableViewCell.xib; sourceTree = "<group>"; };
		3FB8B7A120DA07150055EE61 /* CollectionViewMultiSelect.app */ = {isa = PBXFileReference; explicitFileType = wrapper.application; includeInIndex = 0; path = CollectionViewMultiSelect.app; sourceTree = BUILT_PRODUCTS_DIR; };
		3FB8B7A420DA07150055EE61 /* AppDelegate.h */ = {isa = PBXFileReference; lastKnownFileType = sourcecode.c.h; path = AppDelegate.h; sourceTree = "<group>"; };
		3FB8B7A520DA07150055EE61 /* AppDelegate.m */ = {isa = PBXFileReference; lastKnownFileType = sourcecode.c.objc; path = AppDelegate.m; sourceTree = "<group>"; };
		3FB8B7A720DA07150055EE61 /* ViewController.h */ = {isa = PBXFileReference; lastKnownFileType = sourcecode.c.h; path = ViewController.h; sourceTree = "<group>"; };
		3FB8B7A820DA07150055EE61 /* ViewController.m */ = {isa = PBXFileReference; lastKnownFileType = sourcecode.c.objc; path = ViewController.m; sourceTree = "<group>"; };
		3FB8B7AB20DA07150055EE61 /* Base */ = {isa = PBXFileReference; lastKnownFileType = file.storyboard; name = Base; path = Base.lproj/Main.storyboard; sourceTree = "<group>"; };
		3FB8B7AD20DA07150055EE61 /* Assets.xcassets */ = {isa = PBXFileReference; lastKnownFileType = folder.assetcatalog; path = Assets.xcassets; sourceTree = "<group>"; };
		3FB8B7B020DA07150055EE61 /* Base */ = {isa = PBXFileReference; lastKnownFileType = file.storyboard; name = Base; path = Base.lproj/LaunchScreen.storyboard; sourceTree = "<group>"; };
		3FB8B7B220DA07150055EE61 /* Info.plist */ = {isa = PBXFileReference; lastKnownFileType = text.plist.xml; path = Info.plist; sourceTree = "<group>"; };
		3FB8B7B320DA07150055EE61 /* main.m */ = {isa = PBXFileReference; lastKnownFileType = sourcecode.c.objc; path = main.m; sourceTree = "<group>"; };
		3FB8B7BA20DA16A40055EE61 /* CollectionViewMultiSelectViewController.h */ = {isa = PBXFileReference; lastKnownFileType = sourcecode.c.h; path = CollectionViewMultiSelectViewController.h; sourceTree = "<group>"; };
		3FB8B7BB20DA16A40055EE61 /* CollectionViewMultiSelectViewController.m */ = {isa = PBXFileReference; lastKnownFileType = sourcecode.c.objc; path = CollectionViewMultiSelectViewController.m; sourceTree = "<group>"; };
		3FB8B7C220DA1E260055EE61 /* textJson.json */ = {isa = PBXFileReference; fileEncoding = 4; lastKnownFileType = text.json; path = textJson.json; sourceTree = "<group>"; };
		3FB8B7C420DA1F5F0055EE61 /* CollectionViewCell.h */ = {isa = PBXFileReference; lastKnownFileType = sourcecode.c.h; path = CollectionViewCell.h; sourceTree = "<group>"; };
		3FB8B7C520DA1F5F0055EE61 /* CollectionViewCell.m */ = {isa = PBXFileReference; lastKnownFileType = sourcecode.c.objc; path = CollectionViewCell.m; sourceTree = "<group>"; };
		3FB8B7C620DA1F5F0055EE61 /* CollectionViewCell.xib */ = {isa = PBXFileReference; lastKnownFileType = file.xib; path = CollectionViewCell.xib; sourceTree = "<group>"; };
		67FB8FB307C24E8B98FABA75 /* Pods-CollectionViewMultiSelect.debug.xcconfig */ = {isa = PBXFileReference; includeInIndex = 1; lastKnownFileType = text.xcconfig; name = "Pods-CollectionViewMultiSelect.debug.xcconfig"; path = "Pods/Target Support Files/Pods-CollectionViewMultiSelect/Pods-CollectionViewMultiSelect.debug.xcconfig"; sourceTree = "<group>"; };
		D22846CC9B913F46BC59B6A7 /* libPods-CollectionViewMultiSelect.a */ = {isa = PBXFileReference; explicitFileType = archive.ar; includeInIndex = 0; path = "libPods-CollectionViewMultiSelect.a"; sourceTree = BUILT_PRODUCTS_DIR; };
/* End PBXFileReference section */

/* Begin PBXFrameworksBuildPhase section */
		3FB8B79E20DA07150055EE61 /* Frameworks */ = {
			isa = PBXFrameworksBuildPhase;
			buildActionMask = 2147483647;
			files = (
				EDE2A486004047B9B755B60F /* libPods-CollectionViewMultiSelect.a in Frameworks */,
			);
			runOnlyForDeploymentPostprocessing = 0;
		};
/* End PBXFrameworksBuildPhase section */

/* Begin PBXGroup section */
		3FB8B79820DA07150055EE61 = {
			isa = PBXGroup;
			children = (
				3FB8B7A320DA07150055EE61 /* CollectionViewMultiSelect */,
				3FB8B7A220DA07150055EE61 /* Products */,
				9888548FFCCA4A56AC28BA7F /* Pods */,
				F4F641CD45AEAA07199A8A29 /* Frameworks */,
			);
			sourceTree = "<group>";
		};
		3FB8B7A220DA07150055EE61 /* Products */ = {
			isa = PBXGroup;
			children = (
				3FB8B7A120DA07150055EE61 /* CollectionViewMultiSelect.app */,
			);
			name = Products;
			sourceTree = "<group>";
		};
		3FB8B7A320DA07150055EE61 /* CollectionViewMultiSelect */ = {
			isa = PBXGroup;
			children = (
				3FB8B7C220DA1E260055EE61 /* textJson.json */,
				3FB8B7A420DA07150055EE61 /* AppDelegate.h */,
				3FB8B7A520DA07150055EE61 /* AppDelegate.m */,
				3FB8B7A720DA07150055EE61 /* ViewController.h */,
				3FB8B7A820DA07150055EE61 /* ViewController.m */,
				3FB8B7BA20DA16A40055EE61 /* CollectionViewMultiSelectViewController.h */,
				3FB8B7BB20DA16A40055EE61 /* CollectionViewMultiSelectViewController.m */,
				3FB8B7C420DA1F5F0055EE61 /* CollectionViewCell.h */,
				3FB8B7C520DA1F5F0055EE61 /* CollectionViewCell.m */,
				3FB8B7C620DA1F5F0055EE61 /* CollectionViewCell.xib */,
				3F78FC4E20E76FF6005E19E6 /* TableViewMultiSelectViewController.h */,
				3F78FC4F20E76FF6005E19E6 /* TableViewMultiSelectViewController.m */,
				3F78FC5420E778F2005E19E6 /* TableViewCell.h */,
				3F78FC5520E778F2005E19E6 /* TableViewCell.m */,
				3F78FC5620E778F2005E19E6 /* TableViewCell.xib */,
				3F148D3C20DA227000E501BB /* PhotoModel.h */,
				3F148D3D20DA227000E501BB /* PhotoModel.m */,
				3FB8B7AA20DA07150055EE61 /* Main.storyboard */,
				3FB8B7AD20DA07150055EE61 /* Assets.xcassets */,
				3FB8B7AF20DA07150055EE61 /* LaunchScreen.storyboard */,
				3FB8B7B220DA07150055EE61 /* Info.plist */,
				3FB8B7B320DA07150055EE61 /* main.m */,
			);
			path = CollectionViewMultiSelect;
			sourceTree = "<group>";
		};
		9888548FFCCA4A56AC28BA7F /* Pods */ = {
			isa = PBXGroup;
			children = (
				67FB8FB307C24E8B98FABA75 /* Pods-CollectionViewMultiSelect.debug.xcconfig */,
				124D150A143694F007541A41 /* Pods-CollectionViewMultiSelect.release.xcconfig */,
			);
			name = Pods;
			sourceTree = "<group>";
		};
		F4F641CD45AEAA07199A8A29 /* Frameworks */ = {
			isa = PBXGroup;
			children = (
				D22846CC9B913F46BC59B6A7 /* libPods-CollectionViewMultiSelect.a */,
			);
			name = Frameworks;
			sourceTree = "<group>";
		};
/* End PBXGroup section */

/* Begin PBXNativeTarget section */
		3FB8B7A020DA07150055EE61 /* CollectionViewMultiSelect */ = {
			isa = PBXNativeTarget;
			buildConfigurationList = 3FB8B7B720DA07150055EE61 /* Build configuration list for PBXNativeTarget "CollectionViewMultiSelect" */;
			buildPhases = (
				FACD2EF517FB228D3FE1F60D /* [CP] Check Pods Manifest.lock */,
				3FB8B79D20DA07150055EE61 /* Sources */,
				3FB8B79E20DA07150055EE61 /* Frameworks */,
				3FB8B79F20DA07150055EE61 /* Resources */,
			);
			buildRules = (
			);
			dependencies = (
			);
			name = CollectionViewMultiSelect;
			productName = CollectionViewMultiSelect;
			productReference = 3FB8B7A120DA07150055EE61 /* CollectionViewMultiSelect.app */;
			productType = "com.apple.product-type.application";
		};
/* End PBXNativeTarget section */

/* Begin PBXProject section */
		3FB8B79920DA07150055EE61 /* Project object */ = {
			isa = PBXProject;
			attributes = {
				LastUpgradeCheck = 0910;
				ORGANIZATIONNAME = "水晶岛";
				TargetAttributes = {
					3FB8B7A020DA07150055EE61 = {
						CreatedOnToolsVersion = 9.1;
						ProvisioningStyle = Automatic;
					};
				};
			};
			buildConfigurationList = 3FB8B79C20DA07150055EE61 /* Build configuration list for PBXProject "CollectionViewMultiSelect" */;
			compatibilityVersion = "Xcode 8.0";
			developmentRegion = en;
			hasScannedForEncodings = 0;
			knownRegions = (
				en,
				Base,
			);
			mainGroup = 3FB8B79820DA07150055EE61;
			productRefGroup = 3FB8B7A220DA07150055EE61 /* Products */;
			projectDirPath = "";
			projectRoot = "";
			targets = (
				3FB8B7A020DA07150055EE61 /* CollectionViewMultiSelect */,
			);
		};
/* End PBXProject section */

/* Begin PBXResourcesBuildPhase section */
		3FB8B79F20DA07150055EE61 /* Resources */ = {
			isa = PBXResourcesBuildPhase;
			buildActionMask = 2147483647;
			files = (
				3FB8B7B120DA07150055EE61 /* LaunchScreen.storyboard in Resources */,
				3F78FC5820E778F2005E19E6 /* TableViewCell.xib in Resources */,
				3FB8B7C820DA1F5F0055EE61 /* CollectionViewCell.xib in Resources */,
				3FB8B7AE20DA07150055EE61 /* Assets.xcassets in Resources */,
				3FB8B7C320DA1E270055EE61 /* textJson.json in Resources */,
				3FB8B7AC20DA07150055EE61 /* Main.storyboard in Resources */,
			);
			runOnlyForDeploymentPostprocessing = 0;
		};
/* End PBXResourcesBuildPhase section */

/* Begin PBXShellScriptBuildPhase section */
		FACD2EF517FB228D3FE1F60D /* [CP] Check Pods Manifest.lock */ = {
			isa = PBXShellScriptBuildPhase;
			buildActionMask = 2147483647;
			files = (
			);
			inputPaths = (
				"${PODS_PODFILE_DIR_PATH}/Podfile.lock",
				"${PODS_ROOT}/Manifest.lock",
			);
			name = "[CP] Check Pods Manifest.lock";
			outputPaths = (
				"$(DERIVED_FILE_DIR)/Pods-CollectionViewMultiSelect-checkManifestLockResult.txt",
			);
			runOnlyForDeploymentPostprocessing = 0;
			shellPath = /bin/sh;
			shellScript = "diff \"${PODS_PODFILE_DIR_PATH}/Podfile.lock\" \"${PODS_ROOT}/Manifest.lock\" > /dev/null\nif [ $? != 0 ] ; then\n    # print error to STDERR\n    echo \"error: The sandbox is not in sync with the Podfile.lock. Run 'pod install' or update your CocoaPods installation.\" >&2\n    exit 1\nfi\n# This output is used by Xcode 'outputs' to avoid re-running this script phase.\necho \"SUCCESS\" > \"${SCRIPT_OUTPUT_FILE_0}\"\n";
			showEnvVarsInLog = 0;
		};
/* End PBXShellScriptBuildPhase section */

/* Begin PBXSourcesBuildPhase section */
		3FB8B79D20DA07150055EE61 /* Sources */ = {
			isa = PBXSourcesBuildPhase;
			buildActionMask = 2147483647;
			files = (
				3FB8B7C720DA1F5F0055EE61 /* CollectionViewCell.m in Sources */,
				3F78FC5020E76FF6005E19E6 /* TableViewMultiSelectViewController.m in Sources */,
				3FB8B7A920DA07150055EE61 /* ViewController.m in Sources */,
				3F148D3E20DA227000E501BB /* PhotoModel.m in Sources */,
				3FB8B7BC20DA16A40055EE61 /* CollectionViewMultiSelectViewController.m in Sources */,
				3F78FC5720E778F2005E19E6 /* TableViewCell.m in Sources */,
				3FB8B7B420DA07150055EE61 /* main.m in Sources */,
				3FB8B7A620DA07150055EE61 /* AppDelegate.m in Sources */,
			);
			runOnlyForDeploymentPostprocessing = 0;
		};
/* End PBXSourcesBuildPhase section */

/* Begin PBXVariantGroup section */
		3FB8B7AA20DA07150055EE61 /* Main.storyboard */ = {
			isa = PBXVariantGroup;
			children = (
				3FB8B7AB20DA07150055EE61 /* Base */,
			);
			name = Main.storyboard;
			sourceTree = "<group>";
		};
		3FB8B7AF20DA07150055EE61 /* LaunchScreen.storyboard */ = {
			isa = PBXVariantGroup;
			children = (
				3FB8B7B020DA07150055EE61 /* Base */,
			);
			name = LaunchScreen.storyboard;
			sourceTree = "<group>";
		};
/* End PBXVariantGroup section */

/* Begin XCBuildConfiguration section */
		3FB8B7B520DA07150055EE61 /* Debug */ = {
			isa = XCBuildConfiguration;
			buildSettings = {
				ALWAYS_SEARCH_USER_PATHS = NO;
				CLANG_ANALYZER_NONNULL = YES;
				CLANG_ANALYZER_NUMBER_OBJECT_CONVERSION = YES_AGGRESSIVE;
				CLANG_CXX_LANGUAGE_STANDARD = "gnu++14";
				CLANG_CXX_LIBRARY = "libc++";
				CLANG_ENABLE_MODULES = YES;
				CLANG_ENABLE_OBJC_ARC = YES;
				CLANG_WARN_BLOCK_CAPTURE_AUTORELEASING = YES;
				CLANG_WARN_BOOL_CONVERSION = YES;
				CLANG_WARN_COMMA = YES;
				CLANG_WARN_CONSTANT_CONVERSION = YES;
				CLANG_WARN_DIRECT_OBJC_ISA_USAGE = YES_ERROR;
				CLANG_WARN_DOCUMENTATION_COMMENTS = YES;
				CLANG_WARN_EMPTY_BODY = YES;
				CLANG_WARN_ENUM_CONVERSION = YES;
				CLANG_WARN_INFINITE_RECURSION = YES;
				CLANG_WARN_INT_CONVERSION = YES;
				CLANG_WARN_NON_LITERAL_NULL_CONVERSION = YES;
				CLANG_WARN_OBJC_LITERAL_CONVERSION = YES;
				CLANG_WARN_OBJC_ROOT_CLASS = YES_ERROR;
				CLANG_WARN_RANGE_LOOP_ANALYSIS = YES;
				CLANG_WARN_STRICT_PROTOTYPES = YES;
				CLANG_WARN_SUSPICIOUS_MOVE = YES;
				CLANG_WARN_UNGUARDED_AVAILABILITY = YES_AGGRESSIVE;
				CLANG_WARN_UNREACHABLE_CODE = YES;
				CLANG_WARN__DUPLICATE_METHOD_MATCH = YES;
				CODE_SIGN_IDENTITY = "iPhone Developer";
				COPY_PHASE_STRIP = NO;
				DEBUG_INFORMATION_FORMAT = dwarf;
				ENABLE_STRICT_OBJC_MSGSEND = YES;
				ENABLE_TESTABILITY = YES;
				GCC_C_LANGUAGE_STANDARD = gnu11;
				GCC_DYNAMIC_NO_PIC = NO;
				GCC_NO_COMMON_BLOCKS = YES;
				GCC_OPTIMIZATION_LEVEL = 0;
				GCC_PREPROCESSOR_DEFINITIONS = (
					"DEBUG=1",
					"$(inherited)",
				);
				GCC_WARN_64_TO_32_BIT_CONVERSION = YES;
				GCC_WARN_ABOUT_RETURN_TYPE = YES_ERROR;
				GCC_WARN_UNDECLARED_SELECTOR = YES;
				GCC_WARN_UNINITIALIZED_AUTOS = YES_AGGRESSIVE;
				GCC_WARN_UNUSED_FUNCTION = YES;
				GCC_WARN_UNUSED_VARIABLE = YES;
				IPHONEOS_DEPLOYMENT_TARGET = 8.0;
				MTL_ENABLE_DEBUG_INFO = YES;
				ONLY_ACTIVE_ARCH = YES;
				SDKROOT = iphoneos;
			};
			name = Debug;
		};
		3FB8B7B620DA07150055EE61 /* Release */ = {
			isa = XCBuildConfiguration;
			buildSettings = {
				ALWAYS_SEARCH_USER_PATHS = NO;
				CLANG_ANALYZER_NONNULL = YES;
				CLANG_ANALYZER_NUMBER_OBJECT_CONVERSION = YES_AGGRESSIVE;
				CLANG_CXX_LANGUAGE_STANDARD = "gnu++14";
				CLANG_CXX_LIBRARY = "libc++";
				CLANG_ENABLE_MODULES = YES;
				CLANG_ENABLE_OBJC_ARC = YES;
				CLANG_WARN_BLOCK_CAPTURE_AUTORELEASING = YES;
				CLANG_WARN_BOOL_CONVERSION = YES;
				CLANG_WARN_COMMA = YES;
				CLANG_WARN_CONSTANT_CONVERSION = YES;
				CLANG_WARN_DIRECT_OBJC_ISA_USAGE = YES_ERROR;
				CLANG_WARN_DOCUMENTATION_COMMENTS = YES;
				CLANG_WARN_EMPTY_BODY = YES;
				CLANG_WARN_ENUM_CONVERSION = YES;
				CLANG_WARN_INFINITE_RECURSION = YES;
				CLANG_WARN_INT_CONVERSION = YES;
				CLANG_WARN_NON_LITERAL_NULL_CONVERSION = YES;
				CLANG_WARN_OBJC_LITERAL_CONVERSION = YES;
				CLANG_WARN_OBJC_ROOT_CLASS = YES_ERROR;
				CLANG_WARN_RANGE_LOOP_ANALYSIS = YES;
				CLANG_WARN_STRICT_PROTOTYPES = YES;
				CLANG_WARN_SUSPICIOUS_MOVE = YES;
				CLANG_WARN_UNGUARDED_AVAILABILITY = YES_AGGRESSIVE;
				CLANG_WARN_UNREACHABLE_CODE = YES;
				CLANG_WARN__DUPLICATE_METHOD_MATCH = YES;
				CODE_SIGN_IDENTITY = "iPhone Developer";
				COPY_PHASE_STRIP = NO;
				DEBUG_INFORMATION_FORMAT = "dwarf-with-dsym";
				ENABLE_NS_ASSERTIONS = NO;
				ENABLE_STRICT_OBJC_MSGSEND = YES;
				GCC_C_LANGUAGE_STANDARD = gnu11;
				GCC_NO_COMMON_BLOCKS = YES;
				GCC_WARN_64_TO_32_BIT_CONVERSION = YES;
				GCC_WARN_ABOUT_RETURN_TYPE = YES_ERROR;
				GCC_WARN_UNDECLARED_SELECTOR = YES;
				GCC_WARN_UNINITIALIZED_AUTOS = YES_AGGRESSIVE;
				GCC_WARN_UNUSED_FUNCTION = YES;
				GCC_WARN_UNUSED_VARIABLE = YES;
				IPHONEOS_DEPLOYMENT_TARGET = 8.0;
				MTL_ENABLE_DEBUG_INFO = NO;
				SDKROOT = iphoneos;
				VALIDATE_PRODUCT = YES;
			};
			name = Release;
		};
		3FB8B7B820DA07150055EE61 /* Debug */ = {
			isa = XCBuildConfiguration;
			baseConfigurationReference = 67FB8FB307C24E8B98FABA75 /* Pods-CollectionViewMultiSelect.debug.xcconfig */;
			buildSettings = {
				ASSETCATALOG_COMPILER_APPICON_NAME = AppIcon;
				CODE_SIGN_STYLE = Automatic;
				DEVELOPMENT_TEAM = D5TCTELK25;
				INFOPLIST_FILE = CollectionViewMultiSelect/Info.plist;
				IPHONEOS_DEPLOYMENT_TARGET = 8.0;
				LD_RUNPATH_SEARCH_PATHS = "$(inherited) @executable_path/Frameworks";
				PRODUCT_BUNDLE_IDENTIFIER = com.crystalisland.CollectionViewMultiSelect;
				PRODUCT_NAME = "$(TARGET_NAME)";
				TARGETED_DEVICE_FAMILY = 1;
			};
			name = Debug;
		};
		3FB8B7B920DA07150055EE61 /* Release */ = {
			isa = XCBuildConfiguration;
			baseConfigurationReference = 124D150A143694F007541A41 /* Pods-CollectionViewMultiSelect.release.xcconfig */;
			buildSettings = {
				ASSETCATALOG_COMPILER_APPICON_NAME = AppIcon;
				CODE_SIGN_STYLE = Automatic;
				DEVELOPMENT_TEAM = D5TCTELK25;
				INFOPLIST_FILE = CollectionViewMultiSelect/Info.plist;
				IPHONEOS_DEPLOYMENT_TARGET = 8.0;
				LD_RUNPATH_SEARCH_PATHS = "$(inherited) @executable_path/Frameworks";
				PRODUCT_BUNDLE_IDENTIFIER = com.crystalisland.CollectionViewMultiSelect;
				PRODUCT_NAME = "$(TARGET_NAME)";
				TARGETED_DEVICE_FAMILY = 1;
			};
			name = Release;
		};
/* End XCBuildConfiguration section */

/* Begin XCConfigurationList section */
		3FB8B79C20DA07150055EE61 /* Build configuration list for PBXProject "CollectionViewMultiSelect" */ = {
			isa = XCConfigurationList;
			buildConfigurations = (
				3FB8B7B520DA07150055EE61 /* Debug */,
				3FB8B7B620DA07150055EE61 /* Release */,
			);
			defaultConfigurationIsVisible = 0;
			defaultConfigurationName = Release;
		};
		3FB8B7B720DA07150055EE61 /* Build configuration list for PBXNativeTarget "CollectionViewMultiSelect" */ = {
			isa = XCConfigurationList;
			buildConfigurations = (
				3FB8B7B820DA07150055EE61 /* Debug */,
				3FB8B7B920DA07150055EE61 /* Release */,
			);
			defaultConfigurationIsVisible = 0;
			defaultConfigurationName = Release;
		};
/* End XCConfigurationList section */
	};
	rootObject = 3FB8B79920DA07150055EE61 /* Project object */;
}
